
Microsoft Visual Studio Solution File, Format Version 12.00
# Visual Studio 2015
Project("{FAE04EC0-301F-11D3-BF4B-00C04F79EFBC}") = "Tutorial_rogue.CSharp", "Tutorial_rogue.CSharp.csproj", "{EE781775-817D-C0EA-8AC3-A2C0294E8F08}"
EndProject
Global
	GlobalSection(SolutionConfigurationPlatforms) = preSolution
		Debug|Any CPU = Debug|Any CPU
		Release|Any CPU = Release|Any CPU
	EndGlobalSection
	GlobalSection(ProjectConfigurationPlatforms) = postSolution
		{EE781775-817D-C0EA-8AC3-A2C0294E8F08}.Debug|Any CPU.ActiveCfg = Debug|Any CPU
		{EE781775-817D-C0EA-8AC3-A2C0294E8F08}.Debug|Any CPU.Build.0 = Debug|Any CPU
		{EE781775-817D-C0EA-8AC3-A2C0294E8F08}.Release|Any CPU.ActiveCfg = Release|Any CPU
		{EE781775-817D-C0EA-8AC3-A2C0294E8F08}.Release|Any CPU.Build.0 = Release|Any CPU
	EndGlobalSection
	GlobalSection(SolutionProperties) = preSolution
		HideSolutionNode = FALSE
	EndGlobalSection
EndGlobal
