Microsoft Visual Studio Solution File, Format Version 11.00
# Visual Studio 2008

Project("{2EA03DCF-4772-8B77-82C3-7A2FC5D220AB}") = "Walls of Valhalla", "Assembly-CSharp.csproj", "{1F1806B2-246A-8885-86F2-761F731CD9D2}"
EndProject
Global
	GlobalSection(SolutionConfigurationPlatforms) = preSolution
		Debug|Any CPU = Debug|Any CPU
		Release|Any CPU = Release|Any CPU
	EndGlobalSection
	GlobalSection(ProjectConfigurationPlatforms) = postSolution
		{1F1806B2-246A-8885-86F2-761F731CD9D2}.Debug|Any CPU.ActiveCfg = Debug|Any CPU
		{1F1806B2-246A-8885-86F2-761F731CD9D2}.Debug|Any CPU.Build.0 = Debug|Any CPU
		{1F1806B2-246A-8885-86F2-761F731CD9D2}.Release|Any CPU.ActiveCfg = Release|Any CPU
		{1F1806B2-246A-8885-86F2-761F731CD9D2}.Release|Any CPU.Build.0 = Release|Any CPU
	EndGlobalSection
	GlobalSection(SolutionProperties) = preSolution
		HideSolutionNode = FALSE
	EndGlobalSection
	GlobalSection(MonoDevelopProperties) = preSolution
		StartupItem = Assembly-CSharp.csproj
	EndGlobalSection
EndGlobal
