Microsoft Visual Studio Solution File, Format Version 11.00
# Visual Studio 2008

Project("{398B6F56-B3CE-FCE9-E533-36CD784B9059}") = "Walls-of-Valhalla", "Assembly-CSharp.csproj", "{9BE09799-376E-62CD-A09D-7401745CA6BE}"
EndProject
Global
	GlobalSection(SolutionConfigurationPlatforms) = preSolution
		Debug|Any CPU = Debug|Any CPU
		Release|Any CPU = Release|Any CPU
	EndGlobalSection
	GlobalSection(ProjectConfigurationPlatforms) = postSolution
		{9BE09799-376E-62CD-A09D-7401745CA6BE}.Debug|Any CPU.ActiveCfg = Debug|Any CPU
		{9BE09799-376E-62CD-A09D-7401745CA6BE}.Debug|Any CPU.Build.0 = Debug|Any CPU
		{9BE09799-376E-62CD-A09D-7401745CA6BE}.Release|Any CPU.ActiveCfg = Release|Any CPU
		{9BE09799-376E-62CD-A09D-7401745CA6BE}.Release|Any CPU.Build.0 = Release|Any CPU
	EndGlobalSection
	GlobalSection(SolutionProperties) = preSolution
		HideSolutionNode = FALSE
	EndGlobalSection
	GlobalSection(MonoDevelopProperties) = preSolution
		StartupItem = Assembly-CSharp.csproj
	EndGlobalSection
EndGlobal
